
Microsoft Visual Studio Solution File, Format Version 12.00
# Visual Studio Version 17
VisualStudioVersion = 17.11.35312.102
MinimumVisualStudioVersion = 10.0.40219.1
Project("{FAE04EC0-301F-11D3-BF4B-00C04F79EFBC}") = "DIExamples", "DIExamples\DIExamples.csproj", "{16B01490-92C8-4A6F-9AA0-C4A630FFA4C2}"
EndProject
Project("{FAE04EC0-301F-11D3-BF4B-00C04F79EFBC}") = "MessageService.Tests", "MessageService.Tests\MessageService.Tests.csproj", "{1A58B67B-B150-4DFC-8AD2-7308BA6DE469}"
EndProject
Global
	GlobalSection(SolutionConfigurationPlatforms) = preSolution
		Debug|Any CPU = Debug|Any CPU
		Release|Any CPU = Release|Any CPU
	EndGlobalSection
	GlobalSection(ProjectConfigurationPlatforms) = postSolution
		{16B01490-92C8-4A6F-9AA0-C4A630FFA4C2}.Debug|Any CPU.ActiveCfg = Debug|Any CPU
		{16B01490-92C8-4A6F-9AA0-C4A630FFA4C2}.Debug|Any CPU.Build.0 = Debug|Any CPU
		{16B01490-92C8-4A6F-9AA0-C4A630FFA4C2}.Release|Any CPU.ActiveCfg = Release|Any CPU
		{16B01490-92C8-4A6F-9AA0-C4A630FFA4C2}.Release|Any CPU.Build.0 = Release|Any CPU
		{1A58B67B-B150-4DFC-8AD2-7308BA6DE469}.Debug|Any CPU.ActiveCfg = Debug|Any CPU
		{1A58B67B-B150-4DFC-8AD2-7308BA6DE469}.Debug|Any CPU.Build.0 = Debug|Any CPU
		{1A58B67B-B150-4DFC-8AD2-7308BA6DE469}.Release|Any CPU.ActiveCfg = Release|Any CPU
		{1A58B67B-B150-4DFC-8AD2-7308BA6DE469}.Release|Any CPU.Build.0 = Release|Any CPU
	EndGlobalSection
	GlobalSection(SolutionProperties) = preSolution
		HideSolutionNode = FALSE
	EndGlobalSection
	GlobalSection(ExtensibilityGlobals) = postSolution
		SolutionGuid = {0D3A3938-1EB3-4CAF-AD1B-01A59D7904EA}
	EndGlobalSection
EndGlobal
